
Microsoft Visual Studio Solution File, Format Version 12.00
# Visual Studio Version 17
VisualStudioVersion = 17.5.33414.496
MinimumVisualStudioVersion = 10.0.40219.1
Project("{FAE04EC0-301F-11D3-BF4B-00C04F79EFBC}") = "modul8_1302210112", "modul8_1302210112\modul8_1302210112.csproj", "{27F8EE1E-0474-442A-897E-1DA6DDB4993D}"
EndProject
Global
	GlobalSection(SolutionConfigurationPlatforms) = preSolution
		Debug|Any CPU = Debug|Any CPU
		Release|Any CPU = Release|Any CPU
	EndGlobalSection
	GlobalSection(ProjectConfigurationPlatforms) = postSolution
		{27F8EE1E-0474-442A-897E-1DA6DDB4993D}.Debug|Any CPU.ActiveCfg = Debug|Any CPU
		{27F8EE1E-0474-442A-897E-1DA6DDB4993D}.Debug|Any CPU.Build.0 = Debug|Any CPU
		{27F8EE1E-0474-442A-897E-1DA6DDB4993D}.Release|Any CPU.ActiveCfg = Release|Any CPU
		{27F8EE1E-0474-442A-897E-1DA6DDB4993D}.Release|Any CPU.Build.0 = Release|Any CPU
	EndGlobalSection
	GlobalSection(SolutionProperties) = preSolution
		HideSolutionNode = FALSE
	EndGlobalSection
	GlobalSection(ExtensibilityGlobals) = postSolution
		SolutionGuid = {5C365299-506E-439C-AE32-308C7B93E8F6}
	EndGlobalSection
EndGlobal
